
Microsoft Visual Studio Solution File, Format Version 12.00
# Visual Studio Version 17
VisualStudioVersion = 17.0.31903.59
MinimumVisualStudioVersion = 10.0.40219.1
Project("{2150E333-8FDC-42A3-9474-1A3956D46DE8}") = "TESTS", "TESTS", "{186F3837-501C-4CFC-9869-5528A829F72C}"
EndProject
Project("{2150E333-8FDC-42A3-9474-1A3956D46DE8}") = "CleanArchi", "CleanArchi", "{A3ABDB7C-B283-4EA1-8A26-B9990C4BD71A}"
EndProject
Project("{9A19103F-16F7-4668-BE54-9A1E7A4F7556}") = "General.CleanCode.CleanArchi.Application.UnitTests", "TESTS\CleanArchi\General.CleanCode.CleanArchi.Application.UnitTests\General.CleanCode.CleanArchi.Application.UnitTests.csproj", "{BAA2DB67-EE39-450E-87DD-CEC7D8A590AA}"
EndProject
Project("{2150E333-8FDC-42A3-9474-1A3956D46DE8}") = "DDD", "DDD", "{658B8F8B-FCE1-419E-BE20-4164704C1AEA}"
EndProject
Project("{9A19103F-16F7-4668-BE54-9A1E7A4F7556}") = "General.CleanCode.DDD.UnitTests", "TESTS\DDD\General.CleanCode.DDD.UnitTests\General.CleanCode.DDD.UnitTests.csproj", "{71085A4C-3086-4176-89DF-16F9E533AE5C}"
EndProject
Project("{2150E333-8FDC-42A3-9474-1A3956D46DE8}") = "_SRC", "_SRC", "{5E05A4E4-0E98-4C5E-AC4F-E3BAEC4BF803}"
EndProject
Project("{2150E333-8FDC-42A3-9474-1A3956D46DE8}") = "CleanArchi", "CleanArchi", "{7F51B8DD-5E06-41D2-A62F-A51D5014E652}"
EndProject
Project("{9A19103F-16F7-4668-BE54-9A1E7A4F7556}") = "General.CleanCode.CleanArchi.Application", "_SRC\CleanArchi\General.CleanCode.CleanArchi.Application\General.CleanCode.CleanArchi.Application.csproj", "{2F5E6BC4-D25B-4553-912F-92D9357BA52B}"
EndProject
Project("{2150E333-8FDC-42A3-9474-1A3956D46DE8}") = "DDD", "DDD", "{D8D019CC-97EC-4384-A793-9A0FBAF05167}"
EndProject
Project("{9A19103F-16F7-4668-BE54-9A1E7A4F7556}") = "General.CleanCode.DDD", "_SRC\DDD\General.CleanCode.DDD\General.CleanCode.DDD.csproj", "{073EE459-9E95-4B1E-8E2A-44D45840E08C}"
EndProject
Global
	GlobalSection(SolutionConfigurationPlatforms) = preSolution
		Debug|Any CPU = Debug|Any CPU
		Release|Any CPU = Release|Any CPU
	EndGlobalSection
	GlobalSection(ProjectConfigurationPlatforms) = postSolution
		{BAA2DB67-EE39-450E-87DD-CEC7D8A590AA}.Debug|Any CPU.ActiveCfg = Debug|Any CPU
		{BAA2DB67-EE39-450E-87DD-CEC7D8A590AA}.Debug|Any CPU.Build.0 = Debug|Any CPU
		{BAA2DB67-EE39-450E-87DD-CEC7D8A590AA}.Release|Any CPU.ActiveCfg = Release|Any CPU
		{BAA2DB67-EE39-450E-87DD-CEC7D8A590AA}.Release|Any CPU.Build.0 = Release|Any CPU
		{71085A4C-3086-4176-89DF-16F9E533AE5C}.Debug|Any CPU.ActiveCfg = Debug|Any CPU
		{71085A4C-3086-4176-89DF-16F9E533AE5C}.Debug|Any CPU.Build.0 = Debug|Any CPU
		{71085A4C-3086-4176-89DF-16F9E533AE5C}.Release|Any CPU.ActiveCfg = Release|Any CPU
		{71085A4C-3086-4176-89DF-16F9E533AE5C}.Release|Any CPU.Build.0 = Release|Any CPU
		{2F5E6BC4-D25B-4553-912F-92D9357BA52B}.Debug|Any CPU.ActiveCfg = Debug|Any CPU
		{2F5E6BC4-D25B-4553-912F-92D9357BA52B}.Debug|Any CPU.Build.0 = Debug|Any CPU
		{2F5E6BC4-D25B-4553-912F-92D9357BA52B}.Release|Any CPU.ActiveCfg = Release|Any CPU
		{2F5E6BC4-D25B-4553-912F-92D9357BA52B}.Release|Any CPU.Build.0 = Release|Any CPU
		{073EE459-9E95-4B1E-8E2A-44D45840E08C}.Debug|Any CPU.ActiveCfg = Debug|Any CPU
		{073EE459-9E95-4B1E-8E2A-44D45840E08C}.Debug|Any CPU.Build.0 = Debug|Any CPU
		{073EE459-9E95-4B1E-8E2A-44D45840E08C}.Release|Any CPU.ActiveCfg = Release|Any CPU
		{073EE459-9E95-4B1E-8E2A-44D45840E08C}.Release|Any CPU.Build.0 = Release|Any CPU
	EndGlobalSection
	GlobalSection(SolutionProperties) = preSolution
		HideSolutionNode = FALSE
	EndGlobalSection
	GlobalSection(NestedProjects) = preSolution
		{A3ABDB7C-B283-4EA1-8A26-B9990C4BD71A} = {186F3837-501C-4CFC-9869-5528A829F72C}
		{BAA2DB67-EE39-450E-87DD-CEC7D8A590AA} = {A3ABDB7C-B283-4EA1-8A26-B9990C4BD71A}
		{658B8F8B-FCE1-419E-BE20-4164704C1AEA} = {186F3837-501C-4CFC-9869-5528A829F72C}
		{71085A4C-3086-4176-89DF-16F9E533AE5C} = {658B8F8B-FCE1-419E-BE20-4164704C1AEA}
		{7F51B8DD-5E06-41D2-A62F-A51D5014E652} = {5E05A4E4-0E98-4C5E-AC4F-E3BAEC4BF803}
		{2F5E6BC4-D25B-4553-912F-92D9357BA52B} = {7F51B8DD-5E06-41D2-A62F-A51D5014E652}
		{D8D019CC-97EC-4384-A793-9A0FBAF05167} = {5E05A4E4-0E98-4C5E-AC4F-E3BAEC4BF803}
		{073EE459-9E95-4B1E-8E2A-44D45840E08C} = {D8D019CC-97EC-4384-A793-9A0FBAF05167}
	EndGlobalSection
	GlobalSection(ExtensibilityGlobals) = postSolution
		SolutionGuid = {7981FB62-A1C8-424F-AD3A-7F42C8740AF7}
	EndGlobalSection
EndGlobal
