
Microsoft Visual Studio Solution File, Format Version 12.00
# Visual Studio Version 17
VisualStudioVersion = 17.0.31903.59
MinimumVisualStudioVersion = 10.0.40219.1
Project("{2150E333-8FDC-42A3-9474-1A3956D46DE8}") = "TESTS", "TESTS", "{7F8F378E-7A1C-4F10-92C0-5992483972AB}"
EndProject
Project("{2150E333-8FDC-42A3-9474-1A3956D46DE8}") = "UnitTests", "UnitTests", "{67C1B23E-473A-4501-95F8-FCD55F5C590E}"
EndProject
Project("{2150E333-8FDC-42A3-9474-1A3956D46DE8}") = "CleanArchi", "CleanArchi", "{F5AB11BF-7C29-4BA6-8820-52A545305E1B}"
EndProject
Project("{FAE04EC0-301F-11D3-BF4B-00C04F79EFBC}") = "General.CleanCode.CleanArchi.Application.UnitTests", "TESTS\UnitTests\CleanArchi\General.CleanCode.CleanArchi.Application.UnitTests\General.CleanCode.CleanArchi.Application.UnitTests.csproj", "{46B32E91-FF54-4443-82E9-EB38CD9461E7}"
EndProject
Project("{2150E333-8FDC-42A3-9474-1A3956D46DE8}") = "DDD", "DDD", "{A216AF12-9126-4747-9743-B48B6112A265}"
EndProject
Project("{FAE04EC0-301F-11D3-BF4B-00C04F79EFBC}") = "General.CleanCode.DDD.UnitTests", "TESTS\UnitTests\DDD\General.CleanCode.DDD.UnitTests\General.CleanCode.DDD.UnitTests.csproj", "{535EFA90-EBA2-4E6E-8932-2CC3B0C3FDAD}"
EndProject
Project("{2150E333-8FDC-42A3-9474-1A3956D46DE8}") = "_SRC", "_SRC", "{2903CAA3-9BCD-4AE7-AD50-EF78F8D0EED3}"
EndProject
Project("{2150E333-8FDC-42A3-9474-1A3956D46DE8}") = "CleanArchi", "CleanArchi", "{29CA53A4-4653-468F-B2FC-1EB462726C6D}"
EndProject
Project("{FAE04EC0-301F-11D3-BF4B-00C04F79EFBC}") = "General.CleanCode.CleanArchi.Application", "_SRC\CleanArchi\General.CleanCode.CleanArchi.Application\General.CleanCode.CleanArchi.Application.csproj", "{DBA3412E-D444-4B80-8DAE-BF05B5F69FCB}"
EndProject
Project("{2150E333-8FDC-42A3-9474-1A3956D46DE8}") = "DDD", "DDD", "{604CF632-8D09-4382-AF8E-E1097E8A4588}"
EndProject
Project("{FAE04EC0-301F-11D3-BF4B-00C04F79EFBC}") = "General.CleanCode.DDD", "_SRC\DDD\General.CleanCode.DDD\General.CleanCode.DDD.csproj", "{7711E71A-C0A1-478E-88AF-F8351B149589}"
EndProject
Project("{2150E333-8FDC-42A3-9474-1A3956D46DE8}") = "DesignPatterns", "DesignPatterns", "{9F0E19E4-B8A3-45AE-AF09-D2AAA4F3BAF6}"
EndProject
Project("{FAE04EC0-301F-11D3-BF4B-00C04F79EFBC}") = "General.CleanCode.DesignPatterns", "_SRC\DesignPatterns\General.CleanCode.DesignPatterns\General.CleanCode.DesignPatterns.csproj", "{9FFF6B48-BFD1-40A3-98E6-A0A632C57278}"
EndProject
Project("{2150E333-8FDC-42A3-9474-1A3956D46DE8}") = "DesignPatterns", "DesignPatterns", "{7C2AF862-51FD-49B3-BE85-791A28F43597}"
EndProject
Project("{FAE04EC0-301F-11D3-BF4B-00C04F79EFBC}") = "General.CleanCode.DesignPatterns.UnitTests", "TESTS\UnitTests\DesignPatterns\General.CleanCode.DesignPatterns.UnitTests\General.CleanCode.DesignPatterns.UnitTests.csproj", "{6EE6ED97-1196-4F7C-9AAE-AF1DF20BCD46}"
EndProject
Global
	GlobalSection(SolutionConfigurationPlatforms) = preSolution
		Debug|Any CPU = Debug|Any CPU
		Release|Any CPU = Release|Any CPU
	EndGlobalSection
	GlobalSection(SolutionProperties) = preSolution
		HideSolutionNode = FALSE
	EndGlobalSection
	GlobalSection(ProjectConfigurationPlatforms) = postSolution
		{46B32E91-FF54-4443-82E9-EB38CD9461E7}.Debug|Any CPU.ActiveCfg = Debug|Any CPU
		{46B32E91-FF54-4443-82E9-EB38CD9461E7}.Debug|Any CPU.Build.0 = Debug|Any CPU
		{46B32E91-FF54-4443-82E9-EB38CD9461E7}.Release|Any CPU.ActiveCfg = Release|Any CPU
		{46B32E91-FF54-4443-82E9-EB38CD9461E7}.Release|Any CPU.Build.0 = Release|Any CPU
		{535EFA90-EBA2-4E6E-8932-2CC3B0C3FDAD}.Debug|Any CPU.ActiveCfg = Debug|Any CPU
		{535EFA90-EBA2-4E6E-8932-2CC3B0C3FDAD}.Debug|Any CPU.Build.0 = Debug|Any CPU
		{535EFA90-EBA2-4E6E-8932-2CC3B0C3FDAD}.Release|Any CPU.ActiveCfg = Release|Any CPU
		{535EFA90-EBA2-4E6E-8932-2CC3B0C3FDAD}.Release|Any CPU.Build.0 = Release|Any CPU
		{DBA3412E-D444-4B80-8DAE-BF05B5F69FCB}.Debug|Any CPU.ActiveCfg = Debug|Any CPU
		{DBA3412E-D444-4B80-8DAE-BF05B5F69FCB}.Debug|Any CPU.Build.0 = Debug|Any CPU
		{DBA3412E-D444-4B80-8DAE-BF05B5F69FCB}.Release|Any CPU.ActiveCfg = Release|Any CPU
		{DBA3412E-D444-4B80-8DAE-BF05B5F69FCB}.Release|Any CPU.Build.0 = Release|Any CPU
		{7711E71A-C0A1-478E-88AF-F8351B149589}.Debug|Any CPU.ActiveCfg = Debug|Any CPU
		{7711E71A-C0A1-478E-88AF-F8351B149589}.Debug|Any CPU.Build.0 = Debug|Any CPU
		{7711E71A-C0A1-478E-88AF-F8351B149589}.Release|Any CPU.ActiveCfg = Release|Any CPU
		{7711E71A-C0A1-478E-88AF-F8351B149589}.Release|Any CPU.Build.0 = Release|Any CPU
		{9FFF6B48-BFD1-40A3-98E6-A0A632C57278}.Debug|Any CPU.ActiveCfg = Debug|Any CPU
		{9FFF6B48-BFD1-40A3-98E6-A0A632C57278}.Debug|Any CPU.Build.0 = Debug|Any CPU
		{9FFF6B48-BFD1-40A3-98E6-A0A632C57278}.Release|Any CPU.ActiveCfg = Release|Any CPU
		{9FFF6B48-BFD1-40A3-98E6-A0A632C57278}.Release|Any CPU.Build.0 = Release|Any CPU
		{6EE6ED97-1196-4F7C-9AAE-AF1DF20BCD46}.Debug|Any CPU.ActiveCfg = Debug|Any CPU
		{6EE6ED97-1196-4F7C-9AAE-AF1DF20BCD46}.Debug|Any CPU.Build.0 = Debug|Any CPU
		{6EE6ED97-1196-4F7C-9AAE-AF1DF20BCD46}.Release|Any CPU.ActiveCfg = Release|Any CPU
		{6EE6ED97-1196-4F7C-9AAE-AF1DF20BCD46}.Release|Any CPU.Build.0 = Release|Any CPU
	EndGlobalSection
	GlobalSection(NestedProjects) = preSolution
		{67C1B23E-473A-4501-95F8-FCD55F5C590E} = {7F8F378E-7A1C-4F10-92C0-5992483972AB}
		{F5AB11BF-7C29-4BA6-8820-52A545305E1B} = {67C1B23E-473A-4501-95F8-FCD55F5C590E}
		{46B32E91-FF54-4443-82E9-EB38CD9461E7} = {F5AB11BF-7C29-4BA6-8820-52A545305E1B}
		{A216AF12-9126-4747-9743-B48B6112A265} = {67C1B23E-473A-4501-95F8-FCD55F5C590E}
		{535EFA90-EBA2-4E6E-8932-2CC3B0C3FDAD} = {A216AF12-9126-4747-9743-B48B6112A265}
		{29CA53A4-4653-468F-B2FC-1EB462726C6D} = {2903CAA3-9BCD-4AE7-AD50-EF78F8D0EED3}
		{DBA3412E-D444-4B80-8DAE-BF05B5F69FCB} = {29CA53A4-4653-468F-B2FC-1EB462726C6D}
		{604CF632-8D09-4382-AF8E-E1097E8A4588} = {2903CAA3-9BCD-4AE7-AD50-EF78F8D0EED3}
		{7711E71A-C0A1-478E-88AF-F8351B149589} = {604CF632-8D09-4382-AF8E-E1097E8A4588}
		{9F0E19E4-B8A3-45AE-AF09-D2AAA4F3BAF6} = {2903CAA3-9BCD-4AE7-AD50-EF78F8D0EED3}
		{9FFF6B48-BFD1-40A3-98E6-A0A632C57278} = {9F0E19E4-B8A3-45AE-AF09-D2AAA4F3BAF6}
		{7C2AF862-51FD-49B3-BE85-791A28F43597} = {67C1B23E-473A-4501-95F8-FCD55F5C590E}
		{6EE6ED97-1196-4F7C-9AAE-AF1DF20BCD46} = {7C2AF862-51FD-49B3-BE85-791A28F43597}
	EndGlobalSection
EndGlobal
